
Microsoft Visual Studio Solution File, Format Version 12.00
# Visual Studio Version 17
VisualStudioVersion = 17.1.32319.34
MinimumVisualStudioVersion = 10.0.40219.1
Project("{9A19103F-16F7-4668-BE54-9A1E7A4F7556}") = "Robim", "Robim\Robim.csproj", "{FECEB023-F06C-4D9D-9796-12469ADA2144}"
EndProject
Project("{9A19103F-16F7-4668-BE54-9A1E7A4F7556}") = "RobimGH", "RobimGH\RobimGH.csproj", "{A75E0059-2F8E-47B7-BC0F-32477C334E00}"
	ProjectSection(ProjectDependencies) = postProject
		{5DFE4805-081C-4941-B91A-4AF9CCC4ADCB} = {5DFE4805-081C-4941-B91A-4AF9CCC4ADCB}
		{A737E51B-BCC4-4B72-9564-053A6DD7A615} = {A737E51B-BCC4-4B72-9564-053A6DD7A615}
		{03C87520-C839-44D8-AAC5-DF1C5C38F8BB} = {03C87520-C839-44D8-AAC5-DF1C5C38F8BB}
		{B381CE2E-DB15-44C5-B350-2DCF2F93FE0A} = {B381CE2E-DB15-44C5-B350-2DCF2F93FE0A}
		{9F4B5F57-0BFB-4726-9010-512C3603C619} = {9F4B5F57-0BFB-4726-9010-512C3603C619}
		{B603BBA1-077A-460D-9698-8F56BCEFBECD} = {B603BBA1-077A-460D-9698-8F56BCEFBECD}
		{10BE04AC-1DAD-46A0-9EFE-958A8D7003C7} = {10BE04AC-1DAD-46A0-9EFE-958A8D7003C7}
		{6DAABAAF-A3E4-4083-B46C-46FB250C4C80} = {6DAABAAF-A3E4-4083-B46C-46FB250C4C80}
		{7CC199B6-D129-4640-9B6E-B45374FD4AED} = {7CC199B6-D129-4640-9B6E-B45374FD4AED}
		{80F499D5-84EC-4906-8982-F55F3316BB80} = {80F499D5-84EC-4906-8982-F55F3316BB80}
		{1017D5D5-E8E7-43EA-A302-47B77F98B8FD} = {1017D5D5-E8E7-43EA-A302-47B77F98B8FD}
		{C230D3E2-75FC-47B3-8780-8408ADA7D844} = {C230D3E2-75FC-47B3-8780-8408ADA7D844}
	EndProjectSection
EndProject
Project("{FAE04EC0-301F-11D3-BF4B-00C04F79EFBC}") = "RobotArm_ABB", "RobotArm_ABB\RobotArm_ABB.csproj", "{B603BBA1-077A-460D-9698-8F56BCEFBECD}"
EndProject
Project("{FAE04EC0-301F-11D3-BF4B-00C04F79EFBC}") = "RobotArm_Aubo", "RobotArm_Aubo\RobotArm_Aubo.csproj", "{80F499D5-84EC-4906-8982-F55F3316BB80}"
EndProject
Project("{FAE04EC0-301F-11D3-BF4B-00C04F79EFBC}") = "RobotTrack", "RobotTrack\RobotTrack.csproj", "{6DAABAAF-A3E4-4083-B46C-46FB250C4C80}"
	ProjectSection(ProjectDependencies) = postProject
		{F67B5297-7303-400C-B3B5-1968F682F11B} = {F67B5297-7303-400C-B3B5-1968F682F11B}
	EndProjectSection
EndProject
Project("{FAE04EC0-301F-11D3-BF4B-00C04F79EFBC}") = "RobotPlatform", "RobotPlatform\RobotPlatform.csproj", "{C230D3E2-75FC-47B3-8780-8408ADA7D844}"
EndProject
Project("{FAE04EC0-301F-11D3-BF4B-00C04F79EFBC}") = "RobotTool", "RobotTool\RobotTool.csproj", "{10BE04AC-1DAD-46A0-9EFE-958A8D7003C7}"
EndProject
Project("{FAE04EC0-301F-11D3-BF4B-00C04F79EFBC}") = "RobotArm_Estun", "RobotArm_Estun\RobotArm_Estun.csproj", "{03C87520-C839-44D8-AAC5-DF1C5C38F8BB}"
EndProject
Project("{FAE04EC0-301F-11D3-BF4B-00C04F79EFBC}") = "RobotArm_Fanuc", "RobotArm_Fanuc\RobotArm_Fanuc.csproj", "{7CC199B6-D129-4640-9B6E-B45374FD4AED}"
EndProject
Project("{FAE04EC0-301F-11D3-BF4B-00C04F79EFBC}") = "RobotArm_KUKA", "RobotArm_KUKA\RobotArm_KUKA.csproj", "{A737E51B-BCC4-4B72-9564-053A6DD7A615}"
EndProject
Project("{FAE04EC0-301F-11D3-BF4B-00C04F79EFBC}") = "RobotArm_Staubli", "RobotArm_Staubli\RobotArm_Staubli.csproj", "{5DFE4805-081C-4941-B91A-4AF9CCC4ADCB}"
EndProject
Project("{FAE04EC0-301F-11D3-BF4B-00C04F79EFBC}") = "RobotArm_UR", "RobotArm_UR\RobotArm_UR.csproj", "{B381CE2E-DB15-44C5-B350-2DCF2F93FE0A}"
EndProject
Project("{FAE04EC0-301F-11D3-BF4B-00C04F79EFBC}") = "RobimRobots", "RobimRobots\RobimRobots.csproj", "{F67B5297-7303-400C-B3B5-1968F682F11B}"
EndProject
Project("{FAE04EC0-301F-11D3-BF4B-00C04F79EFBC}") = "RobotArm_Googol", "RobotArm_Googol\RobotArm_Googol.csproj", "{9F4B5F57-0BFB-4726-9010-512C3603C619}"
	ProjectSection(ProjectDependencies) = postProject
		{F67B5297-7303-400C-B3B5-1968F682F11B} = {F67B5297-7303-400C-B3B5-1968F682F11B}
	EndProjectSection
EndProject
Project("{FAE04EC0-301F-11D3-BF4B-00C04F79EFBC}") = "RobotArm_Yaskawa", "RobotArm_Yaskawa\RobotArm_Yaskawa.csproj", "{1017D5D5-E8E7-43EA-A302-47B77F98B8FD}"
EndProject
Project("{FAE04EC0-301F-11D3-BF4B-00C04F79EFBC}") = "RobimUI", "RobimUI\RobimUI.csproj", "{B5F9E844-530D-4C58-843E-2033CA7E9652}"
EndProject
Project("{FAE04EC0-301F-11D3-BF4B-00C04F79EFBC}") = "RobimWPF", "RobimWPF\RobimWPF.csproj", "{CF7409A4-F3DE-4AB3-B04F-EB2D2E7405CF}"
EndProject
Project("{FAE04EC0-301F-11D3-BF4B-00C04F79EFBC}") = "PInvokeCSharp", "PInvokeCSarp\PInvokeCSharp.csproj", "{3FFB0F45-A853-47EF-AD3B-B24DA24E5212}"
EndProject
Project("{FAE04EC0-301F-11D3-BF4B-00C04F79EFBC}") = "RobotArm_Cobot", "RobotArm_Cobot\RobotArm_Cobot.csproj", "{D08F1F3E-FB41-4639-A9AD-69A0716EAFCF}"
EndProject
Global
	GlobalSection(SolutionConfigurationPlatforms) = preSolution
		Debug|Any CPU = Debug|Any CPU
		Debug|x64 = Debug|x64
		Debug|x86 = Debug|x86
		Release|Any CPU = Release|Any CPU
		Release|x64 = Release|x64
		Release|x86 = Release|x86
	EndGlobalSection
	GlobalSection(ProjectConfigurationPlatforms) = postSolution
		{FECEB023-F06C-4D9D-9796-12469ADA2144}.Debug|Any CPU.ActiveCfg = Debug|Any CPU
		{FECEB023-F06C-4D9D-9796-12469ADA2144}.Debug|Any CPU.Build.0 = Debug|Any CPU
		{FECEB023-F06C-4D9D-9796-12469ADA2144}.Debug|x64.ActiveCfg = Debug|x64
		{FECEB023-F06C-4D9D-9796-12469ADA2144}.Debug|x64.Build.0 = Debug|x64
		{FECEB023-F06C-4D9D-9796-12469ADA2144}.Debug|x86.ActiveCfg = Debug|Any CPU
		{FECEB023-F06C-4D9D-9796-12469ADA2144}.Debug|x86.Build.0 = Debug|Any CPU
		{FECEB023-F06C-4D9D-9796-12469ADA2144}.Release|Any CPU.ActiveCfg = Release|Any CPU
		{FECEB023-F06C-4D9D-9796-12469ADA2144}.Release|Any CPU.Build.0 = Release|Any CPU
		{FECEB023-F06C-4D9D-9796-12469ADA2144}.Release|x64.ActiveCfg = Release|x64
		{FECEB023-F06C-4D9D-9796-12469ADA2144}.Release|x64.Build.0 = Release|x64
		{FECEB023-F06C-4D9D-9796-12469ADA2144}.Release|x86.ActiveCfg = Release|Any CPU
		{A75E0059-2F8E-47B7-BC0F-32477C334E00}.Debug|Any CPU.ActiveCfg = Debug|Any CPU
		{A75E0059-2F8E-47B7-BC0F-32477C334E00}.Debug|Any CPU.Build.0 = Debug|Any CPU
		{A75E0059-2F8E-47B7-BC0F-32477C334E00}.Debug|x64.ActiveCfg = Debug|x64
		{A75E0059-2F8E-47B7-BC0F-32477C334E00}.Debug|x64.Build.0 = Debug|x64
		{A75E0059-2F8E-47B7-BC0F-32477C334E00}.Debug|x86.ActiveCfg = Debug|Any CPU
		{A75E0059-2F8E-47B7-BC0F-32477C334E00}.Debug|x86.Build.0 = Debug|Any CPU
		{A75E0059-2F8E-47B7-BC0F-32477C334E00}.Release|Any CPU.ActiveCfg = Release|Any CPU
		{A75E0059-2F8E-47B7-BC0F-32477C334E00}.Release|Any CPU.Build.0 = Release|Any CPU
		{A75E0059-2F8E-47B7-BC0F-32477C334E00}.Release|x64.ActiveCfg = Release|x64
		{A75E0059-2F8E-47B7-BC0F-32477C334E00}.Release|x64.Build.0 = Release|x64
		{A75E0059-2F8E-47B7-BC0F-32477C334E00}.Release|x86.ActiveCfg = Release|Any CPU
		{A75E0059-2F8E-47B7-BC0F-32477C334E00}.Release|x86.Build.0 = Release|Any CPU
		{B603BBA1-077A-460D-9698-8F56BCEFBECD}.Debug|Any CPU.ActiveCfg = Debug|Any CPU
		{B603BBA1-077A-460D-9698-8F56BCEFBECD}.Debug|Any CPU.Build.0 = Debug|Any CPU
		{B603BBA1-077A-460D-9698-8F56BCEFBECD}.Debug|x64.ActiveCfg = Debug|x64
		{B603BBA1-077A-460D-9698-8F56BCEFBECD}.Debug|x64.Build.0 = Debug|x64
		{B603BBA1-077A-460D-9698-8F56BCEFBECD}.Debug|x86.ActiveCfg = Debug|Any CPU
		{B603BBA1-077A-460D-9698-8F56BCEFBECD}.Debug|x86.Build.0 = Debug|Any CPU
		{B603BBA1-077A-460D-9698-8F56BCEFBECD}.Release|Any CPU.ActiveCfg = Release|Any CPU
		{B603BBA1-077A-460D-9698-8F56BCEFBECD}.Release|Any CPU.Build.0 = Release|Any CPU
		{B603BBA1-077A-460D-9698-8F56BCEFBECD}.Release|x64.ActiveCfg = Release|x64
		{B603BBA1-077A-460D-9698-8F56BCEFBECD}.Release|x64.Build.0 = Release|x64
		{B603BBA1-077A-460D-9698-8F56BCEFBECD}.Release|x86.ActiveCfg = Release|Any CPU
		{B603BBA1-077A-460D-9698-8F56BCEFBECD}.Release|x86.Build.0 = Release|Any CPU
		{80F499D5-84EC-4906-8982-F55F3316BB80}.Debug|Any CPU.ActiveCfg = Debug|Any CPU
		{80F499D5-84EC-4906-8982-F55F3316BB80}.Debug|Any CPU.Build.0 = Debug|Any CPU
		{80F499D5-84EC-4906-8982-F55F3316BB80}.Debug|x64.ActiveCfg = Debug|x64
		{80F499D5-84EC-4906-8982-F55F3316BB80}.Debug|x64.Build.0 = Debug|x64
		{80F499D5-84EC-4906-8982-F55F3316BB80}.Debug|x86.ActiveCfg = Debug|Any CPU
		{80F499D5-84EC-4906-8982-F55F3316BB80}.Debug|x86.Build.0 = Debug|Any CPU
		{80F499D5-84EC-4906-8982-F55F3316BB80}.Release|Any CPU.ActiveCfg = Release|Any CPU
		{80F499D5-84EC-4906-8982-F55F3316BB80}.Release|Any CPU.Build.0 = Release|Any CPU
		{80F499D5-84EC-4906-8982-F55F3316BB80}.Release|x64.ActiveCfg = Release|x64
		{80F499D5-84EC-4906-8982-F55F3316BB80}.Release|x64.Build.0 = Release|x64
		{80F499D5-84EC-4906-8982-F55F3316BB80}.Release|x86.ActiveCfg = Release|Any CPU
		{80F499D5-84EC-4906-8982-F55F3316BB80}.Release|x86.Build.0 = Release|Any CPU
		{6DAABAAF-A3E4-4083-B46C-46FB250C4C80}.Debug|Any CPU.ActiveCfg = Debug|Any CPU
		{6DAABAAF-A3E4-4083-B46C-46FB250C4C80}.Debug|Any CPU.Build.0 = Debug|Any CPU
		{6DAABAAF-A3E4-4083-B46C-46FB250C4C80}.Debug|x64.ActiveCfg = Debug|x64
		{6DAABAAF-A3E4-4083-B46C-46FB250C4C80}.Debug|x64.Build.0 = Debug|x64
		{6DAABAAF-A3E4-4083-B46C-46FB250C4C80}.Debug|x86.ActiveCfg = Debug|Any CPU
		{6DAABAAF-A3E4-4083-B46C-46FB250C4C80}.Debug|x86.Build.0 = Debug|Any CPU
		{6DAABAAF-A3E4-4083-B46C-46FB250C4C80}.Release|Any CPU.ActiveCfg = Release|Any CPU
		{6DAABAAF-A3E4-4083-B46C-46FB250C4C80}.Release|Any CPU.Build.0 = Release|Any CPU
		{6DAABAAF-A3E4-4083-B46C-46FB250C4C80}.Release|x64.ActiveCfg = Release|x64
		{6DAABAAF-A3E4-4083-B46C-46FB250C4C80}.Release|x64.Build.0 = Release|x64
		{6DAABAAF-A3E4-4083-B46C-46FB250C4C80}.Release|x86.ActiveCfg = Release|Any CPU
		{6DAABAAF-A3E4-4083-B46C-46FB250C4C80}.Release|x86.Build.0 = Release|Any CPU
		{C230D3E2-75FC-47B3-8780-8408ADA7D844}.Debug|Any CPU.ActiveCfg = Debug|Any CPU
		{C230D3E2-75FC-47B3-8780-8408ADA7D844}.Debug|Any CPU.Build.0 = Debug|Any CPU
		{C230D3E2-75FC-47B3-8780-8408ADA7D844}.Debug|x64.ActiveCfg = Debug|x64
		{C230D3E2-75FC-47B3-8780-8408ADA7D844}.Debug|x64.Build.0 = Debug|x64
		{C230D3E2-75FC-47B3-8780-8408ADA7D844}.Debug|x86.ActiveCfg = Debug|Any CPU
		{C230D3E2-75FC-47B3-8780-8408ADA7D844}.Debug|x86.Build.0 = Debug|Any CPU
		{C230D3E2-75FC-47B3-8780-8408ADA7D844}.Release|Any CPU.ActiveCfg = Release|Any CPU
		{C230D3E2-75FC-47B3-8780-8408ADA7D844}.Release|Any CPU.Build.0 = Release|Any CPU
		{C230D3E2-75FC-47B3-8780-8408ADA7D844}.Release|x64.ActiveCfg = Release|x64
		{C230D3E2-75FC-47B3-8780-8408ADA7D844}.Release|x64.Build.0 = Release|x64
		{C230D3E2-75FC-47B3-8780-8408ADA7D844}.Release|x86.ActiveCfg = Release|Any CPU
		{C230D3E2-75FC-47B3-8780-8408ADA7D844}.Release|x86.Build.0 = Release|Any CPU
		{10BE04AC-1DAD-46A0-9EFE-958A8D7003C7}.Debug|Any CPU.ActiveCfg = Debug|Any CPU
		{10BE04AC-1DAD-46A0-9EFE-958A8D7003C7}.Debug|Any CPU.Build.0 = Debug|Any CPU
		{10BE04AC-1DAD-46A0-9EFE-958A8D7003C7}.Debug|x64.ActiveCfg = Debug|x64
		{10BE04AC-1DAD-46A0-9EFE-958A8D7003C7}.Debug|x64.Build.0 = Debug|x64
		{10BE04AC-1DAD-46A0-9EFE-958A8D7003C7}.Debug|x86.ActiveCfg = Debug|Any CPU
		{10BE04AC-1DAD-46A0-9EFE-958A8D7003C7}.Debug|x86.Build.0 = Debug|Any CPU
		{10BE04AC-1DAD-46A0-9EFE-958A8D7003C7}.Release|Any CPU.ActiveCfg = Release|Any CPU
		{10BE04AC-1DAD-46A0-9EFE-958A8D7003C7}.Release|Any CPU.Build.0 = Release|Any CPU
		{10BE04AC-1DAD-46A0-9EFE-958A8D7003C7}.Release|x64.ActiveCfg = Release|x64
		{10BE04AC-1DAD-46A0-9EFE-958A8D7003C7}.Release|x64.Build.0 = Release|x64
		{10BE04AC-1DAD-46A0-9EFE-958A8D7003C7}.Release|x86.ActiveCfg = Release|Any CPU
		{10BE04AC-1DAD-46A0-9EFE-958A8D7003C7}.Release|x86.Build.0 = Release|Any CPU
		{03C87520-C839-44D8-AAC5-DF1C5C38F8BB}.Debug|Any CPU.ActiveCfg = Debug|Any CPU
		{03C87520-C839-44D8-AAC5-DF1C5C38F8BB}.Debug|Any CPU.Build.0 = Debug|Any CPU
		{03C87520-C839-44D8-AAC5-DF1C5C38F8BB}.Debug|x64.ActiveCfg = Debug|x64
		{03C87520-C839-44D8-AAC5-DF1C5C38F8BB}.Debug|x64.Build.0 = Debug|x64
		{03C87520-C839-44D8-AAC5-DF1C5C38F8BB}.Debug|x86.ActiveCfg = Debug|Any CPU
		{03C87520-C839-44D8-AAC5-DF1C5C38F8BB}.Debug|x86.Build.0 = Debug|Any CPU
		{03C87520-C839-44D8-AAC5-DF1C5C38F8BB}.Release|Any CPU.ActiveCfg = Release|Any CPU
		{03C87520-C839-44D8-AAC5-DF1C5C38F8BB}.Release|Any CPU.Build.0 = Release|Any CPU
		{03C87520-C839-44D8-AAC5-DF1C5C38F8BB}.Release|x64.ActiveCfg = Release|x64
		{03C87520-C839-44D8-AAC5-DF1C5C38F8BB}.Release|x64.Build.0 = Release|x64
		{03C87520-C839-44D8-AAC5-DF1C5C38F8BB}.Release|x86.ActiveCfg = Release|Any CPU
		{03C87520-C839-44D8-AAC5-DF1C5C38F8BB}.Release|x86.Build.0 = Release|Any CPU
		{7CC199B6-D129-4640-9B6E-B45374FD4AED}.Debug|Any CPU.ActiveCfg = Debug|Any CPU
		{7CC199B6-D129-4640-9B6E-B45374FD4AED}.Debug|Any CPU.Build.0 = Debug|Any CPU
		{7CC199B6-D129-4640-9B6E-B45374FD4AED}.Debug|x64.ActiveCfg = Debug|x64
		{7CC199B6-D129-4640-9B6E-B45374FD4AED}.Debug|x64.Build.0 = Debug|x64
		{7CC199B6-D129-4640-9B6E-B45374FD4AED}.Debug|x86.ActiveCfg = Debug|Any CPU
		{7CC199B6-D129-4640-9B6E-B45374FD4AED}.Debug|x86.Build.0 = Debug|Any CPU
		{7CC199B6-D129-4640-9B6E-B45374FD4AED}.Release|Any CPU.ActiveCfg = Release|Any CPU
		{7CC199B6-D129-4640-9B6E-B45374FD4AED}.Release|Any CPU.Build.0 = Release|Any CPU
		{7CC199B6-D129-4640-9B6E-B45374FD4AED}.Release|x64.ActiveCfg = Release|x64
		{7CC199B6-D129-4640-9B6E-B45374FD4AED}.Release|x64.Build.0 = Release|x64
		{7CC199B6-D129-4640-9B6E-B45374FD4AED}.Release|x86.ActiveCfg = Release|Any CPU
		{7CC199B6-D129-4640-9B6E-B45374FD4AED}.Release|x86.Build.0 = Release|Any CPU
		{A737E51B-BCC4-4B72-9564-053A6DD7A615}.Debug|Any CPU.ActiveCfg = Debug|Any CPU
		{A737E51B-BCC4-4B72-9564-053A6DD7A615}.Debug|Any CPU.Build.0 = Debug|Any CPU
		{A737E51B-BCC4-4B72-9564-053A6DD7A615}.Debug|x64.ActiveCfg = Debug|x64
		{A737E51B-BCC4-4B72-9564-053A6DD7A615}.Debug|x64.Build.0 = Debug|x64
		{A737E51B-BCC4-4B72-9564-053A6DD7A615}.Debug|x86.ActiveCfg = Debug|Any CPU
		{A737E51B-BCC4-4B72-9564-053A6DD7A615}.Debug|x86.Build.0 = Debug|Any CPU
		{A737E51B-BCC4-4B72-9564-053A6DD7A615}.Release|Any CPU.ActiveCfg = Release|Any CPU
		{A737E51B-BCC4-4B72-9564-053A6DD7A615}.Release|Any CPU.Build.0 = Release|Any CPU
		{A737E51B-BCC4-4B72-9564-053A6DD7A615}.Release|x64.ActiveCfg = Release|x64
		{A737E51B-BCC4-4B72-9564-053A6DD7A615}.Release|x64.Build.0 = Release|x64
		{A737E51B-BCC4-4B72-9564-053A6DD7A615}.Release|x86.ActiveCfg = Release|Any CPU
		{A737E51B-BCC4-4B72-9564-053A6DD7A615}.Release|x86.Build.0 = Release|Any CPU
		{5DFE4805-081C-4941-B91A-4AF9CCC4ADCB}.Debug|Any CPU.ActiveCfg = Debug|Any CPU
		{5DFE4805-081C-4941-B91A-4AF9CCC4ADCB}.Debug|Any CPU.Build.0 = Debug|Any CPU
		{5DFE4805-081C-4941-B91A-4AF9CCC4ADCB}.Debug|x64.ActiveCfg = Debug|x64
		{5DFE4805-081C-4941-B91A-4AF9CCC4ADCB}.Debug|x64.Build.0 = Debug|x64
		{5DFE4805-081C-4941-B91A-4AF9CCC4ADCB}.Debug|x86.ActiveCfg = Debug|Any CPU
		{5DFE4805-081C-4941-B91A-4AF9CCC4ADCB}.Debug|x86.Build.0 = Debug|Any CPU
		{5DFE4805-081C-4941-B91A-4AF9CCC4ADCB}.Release|Any CPU.ActiveCfg = Release|Any CPU
		{5DFE4805-081C-4941-B91A-4AF9CCC4ADCB}.Release|Any CPU.Build.0 = Release|Any CPU
		{5DFE4805-081C-4941-B91A-4AF9CCC4ADCB}.Release|x64.ActiveCfg = Release|x64
		{5DFE4805-081C-4941-B91A-4AF9CCC4ADCB}.Release|x64.Build.0 = Release|x64
		{5DFE4805-081C-4941-B91A-4AF9CCC4ADCB}.Release|x86.ActiveCfg = Release|Any CPU
		{5DFE4805-081C-4941-B91A-4AF9CCC4ADCB}.Release|x86.Build.0 = Release|Any CPU
		{B381CE2E-DB15-44C5-B350-2DCF2F93FE0A}.Debug|Any CPU.ActiveCfg = Debug|Any CPU
		{B381CE2E-DB15-44C5-B350-2DCF2F93FE0A}.Debug|Any CPU.Build.0 = Debug|Any CPU
		{B381CE2E-DB15-44C5-B350-2DCF2F93FE0A}.Debug|x64.ActiveCfg = Debug|x64
		{B381CE2E-DB15-44C5-B350-2DCF2F93FE0A}.Debug|x64.Build.0 = Debug|x64
		{B381CE2E-DB15-44C5-B350-2DCF2F93FE0A}.Debug|x86.ActiveCfg = Debug|Any CPU
		{B381CE2E-DB15-44C5-B350-2DCF2F93FE0A}.Debug|x86.Build.0 = Debug|Any CPU
		{B381CE2E-DB15-44C5-B350-2DCF2F93FE0A}.Release|Any CPU.ActiveCfg = Release|Any CPU
		{B381CE2E-DB15-44C5-B350-2DCF2F93FE0A}.Release|Any CPU.Build.0 = Release|Any CPU
		{B381CE2E-DB15-44C5-B350-2DCF2F93FE0A}.Release|x64.ActiveCfg = Release|x64
		{B381CE2E-DB15-44C5-B350-2DCF2F93FE0A}.Release|x64.Build.0 = Release|x64
		{B381CE2E-DB15-44C5-B350-2DCF2F93FE0A}.Release|x86.ActiveCfg = Release|Any CPU
		{B381CE2E-DB15-44C5-B350-2DCF2F93FE0A}.Release|x86.Build.0 = Release|Any CPU
		{F67B5297-7303-400C-B3B5-1968F682F11B}.Debug|Any CPU.ActiveCfg = Debug|Any CPU
		{F67B5297-7303-400C-B3B5-1968F682F11B}.Debug|Any CPU.Build.0 = Debug|Any CPU
		{F67B5297-7303-400C-B3B5-1968F682F11B}.Debug|x64.ActiveCfg = Debug|x64
		{F67B5297-7303-400C-B3B5-1968F682F11B}.Debug|x64.Build.0 = Debug|x64
		{F67B5297-7303-400C-B3B5-1968F682F11B}.Debug|x86.ActiveCfg = Debug|Any CPU
		{F67B5297-7303-400C-B3B5-1968F682F11B}.Debug|x86.Build.0 = Debug|Any CPU
		{F67B5297-7303-400C-B3B5-1968F682F11B}.Release|Any CPU.ActiveCfg = Release|Any CPU
		{F67B5297-7303-400C-B3B5-1968F682F11B}.Release|Any CPU.Build.0 = Release|Any CPU
		{F67B5297-7303-400C-B3B5-1968F682F11B}.Release|x64.ActiveCfg = Release|x64
		{F67B5297-7303-400C-B3B5-1968F682F11B}.Release|x64.Build.0 = Release|x64
		{F67B5297-7303-400C-B3B5-1968F682F11B}.Release|x86.ActiveCfg = Release|Any CPU
		{F67B5297-7303-400C-B3B5-1968F682F11B}.Release|x86.Build.0 = Release|Any CPU
		{9F4B5F57-0BFB-4726-9010-512C3603C619}.Debug|Any CPU.ActiveCfg = Debug|Any CPU
		{9F4B5F57-0BFB-4726-9010-512C3603C619}.Debug|Any CPU.Build.0 = Debug|Any CPU
		{9F4B5F57-0BFB-4726-9010-512C3603C619}.Debug|x64.ActiveCfg = Debug|x64
		{9F4B5F57-0BFB-4726-9010-512C3603C619}.Debug|x64.Build.0 = Debug|x64
		{9F4B5F57-0BFB-4726-9010-512C3603C619}.Debug|x86.ActiveCfg = Debug|Any CPU
		{9F4B5F57-0BFB-4726-9010-512C3603C619}.Debug|x86.Build.0 = Debug|Any CPU
		{9F4B5F57-0BFB-4726-9010-512C3603C619}.Release|Any CPU.ActiveCfg = Release|Any CPU
		{9F4B5F57-0BFB-4726-9010-512C3603C619}.Release|Any CPU.Build.0 = Release|Any CPU
		{9F4B5F57-0BFB-4726-9010-512C3603C619}.Release|x64.ActiveCfg = Release|x64
		{9F4B5F57-0BFB-4726-9010-512C3603C619}.Release|x64.Build.0 = Release|x64
		{9F4B5F57-0BFB-4726-9010-512C3603C619}.Release|x86.ActiveCfg = Release|Any CPU
		{9F4B5F57-0BFB-4726-9010-512C3603C619}.Release|x86.Build.0 = Release|Any CPU
		{1017D5D5-E8E7-43EA-A302-47B77F98B8FD}.Debug|Any CPU.ActiveCfg = Debug|Any CPU
		{1017D5D5-E8E7-43EA-A302-47B77F98B8FD}.Debug|Any CPU.Build.0 = Debug|Any CPU
		{1017D5D5-E8E7-43EA-A302-47B77F98B8FD}.Debug|x64.ActiveCfg = Debug|x64
		{1017D5D5-E8E7-43EA-A302-47B77F98B8FD}.Debug|x64.Build.0 = Debug|x64
		{1017D5D5-E8E7-43EA-A302-47B77F98B8FD}.Debug|x86.ActiveCfg = Debug|Any CPU
		{1017D5D5-E8E7-43EA-A302-47B77F98B8FD}.Debug|x86.Build.0 = Debug|Any CPU
		{1017D5D5-E8E7-43EA-A302-47B77F98B8FD}.Release|Any CPU.ActiveCfg = Release|Any CPU
		{1017D5D5-E8E7-43EA-A302-47B77F98B8FD}.Release|Any CPU.Build.0 = Release|Any CPU
		{1017D5D5-E8E7-43EA-A302-47B77F98B8FD}.Release|x64.ActiveCfg = Release|x64
		{1017D5D5-E8E7-43EA-A302-47B77F98B8FD}.Release|x64.Build.0 = Release|x64
		{1017D5D5-E8E7-43EA-A302-47B77F98B8FD}.Release|x86.ActiveCfg = Release|Any CPU
		{1017D5D5-E8E7-43EA-A302-47B77F98B8FD}.Release|x86.Build.0 = Release|Any CPU
		{B5F9E844-530D-4C58-843E-2033CA7E9652}.Debug|Any CPU.ActiveCfg = Debug|Any CPU
		{B5F9E844-530D-4C58-843E-2033CA7E9652}.Debug|Any CPU.Build.0 = Debug|Any CPU
		{B5F9E844-530D-4C58-843E-2033CA7E9652}.Debug|x64.ActiveCfg = Debug|x64
		{B5F9E844-530D-4C58-843E-2033CA7E9652}.Debug|x64.Build.0 = Debug|x64
		{B5F9E844-530D-4C58-843E-2033CA7E9652}.Debug|x86.ActiveCfg = Debug|Any CPU
		{B5F9E844-530D-4C58-843E-2033CA7E9652}.Debug|x86.Build.0 = Debug|Any CPU
		{B5F9E844-530D-4C58-843E-2033CA7E9652}.Release|Any CPU.ActiveCfg = Release|Any CPU
		{B5F9E844-530D-4C58-843E-2033CA7E9652}.Release|Any CPU.Build.0 = Release|Any CPU
		{B5F9E844-530D-4C58-843E-2033CA7E9652}.Release|x64.ActiveCfg = Release|x64
		{B5F9E844-530D-4C58-843E-2033CA7E9652}.Release|x64.Build.0 = Release|x64
		{B5F9E844-530D-4C58-843E-2033CA7E9652}.Release|x86.ActiveCfg = Release|Any CPU
		{B5F9E844-530D-4C58-843E-2033CA7E9652}.Release|x86.Build.0 = Release|Any CPU
		{CF7409A4-F3DE-4AB3-B04F-EB2D2E7405CF}.Debug|Any CPU.ActiveCfg = Debug|Any CPU
		{CF7409A4-F3DE-4AB3-B04F-EB2D2E7405CF}.Debug|Any CPU.Build.0 = Debug|Any CPU
		{CF7409A4-F3DE-4AB3-B04F-EB2D2E7405CF}.Debug|x64.ActiveCfg = Debug|x64
		{CF7409A4-F3DE-4AB3-B04F-EB2D2E7405CF}.Debug|x64.Build.0 = Debug|x64
		{CF7409A4-F3DE-4AB3-B04F-EB2D2E7405CF}.Debug|x86.ActiveCfg = Debug|Any CPU
		{CF7409A4-F3DE-4AB3-B04F-EB2D2E7405CF}.Debug|x86.Build.0 = Debug|Any CPU
		{CF7409A4-F3DE-4AB3-B04F-EB2D2E7405CF}.Release|Any CPU.ActiveCfg = Release|Any CPU
		{CF7409A4-F3DE-4AB3-B04F-EB2D2E7405CF}.Release|Any CPU.Build.0 = Release|Any CPU
		{CF7409A4-F3DE-4AB3-B04F-EB2D2E7405CF}.Release|x64.ActiveCfg = Release|x64
		{CF7409A4-F3DE-4AB3-B04F-EB2D2E7405CF}.Release|x64.Build.0 = Release|x64
		{CF7409A4-F3DE-4AB3-B04F-EB2D2E7405CF}.Release|x86.ActiveCfg = Release|Any CPU
		{CF7409A4-F3DE-4AB3-B04F-EB2D2E7405CF}.Release|x86.Build.0 = Release|Any CPU
		{3FFB0F45-A853-47EF-AD3B-B24DA24E5212}.Debug|Any CPU.ActiveCfg = Debug|Any CPU
		{3FFB0F45-A853-47EF-AD3B-B24DA24E5212}.Debug|Any CPU.Build.0 = Debug|Any CPU
		{3FFB0F45-A853-47EF-AD3B-B24DA24E5212}.Debug|x64.ActiveCfg = Debug|Any CPU
		{3FFB0F45-A853-47EF-AD3B-B24DA24E5212}.Debug|x64.Build.0 = Debug|Any CPU
		{3FFB0F45-A853-47EF-AD3B-B24DA24E5212}.Debug|x86.ActiveCfg = Debug|Any CPU
		{3FFB0F45-A853-47EF-AD3B-B24DA24E5212}.Debug|x86.Build.0 = Debug|Any CPU
		{3FFB0F45-A853-47EF-AD3B-B24DA24E5212}.Release|Any CPU.ActiveCfg = Release|Any CPU
		{3FFB0F45-A853-47EF-AD3B-B24DA24E5212}.Release|Any CPU.Build.0 = Release|Any CPU
		{3FFB0F45-A853-47EF-AD3B-B24DA24E5212}.Release|x64.ActiveCfg = Release|Any CPU
		{3FFB0F45-A853-47EF-AD3B-B24DA24E5212}.Release|x64.Build.0 = Release|Any CPU
		{3FFB0F45-A853-47EF-AD3B-B24DA24E5212}.Release|x86.ActiveCfg = Release|Any CPU
		{3FFB0F45-A853-47EF-AD3B-B24DA24E5212}.Release|x86.Build.0 = Release|Any CPU
		{D08F1F3E-FB41-4639-A9AD-69A0716EAFCF}.Debug|Any CPU.ActiveCfg = Debug|Any CPU
		{D08F1F3E-FB41-4639-A9AD-69A0716EAFCF}.Debug|Any CPU.Build.0 = Debug|Any CPU
		{D08F1F3E-FB41-4639-A9AD-69A0716EAFCF}.Debug|x64.ActiveCfg = Debug|Any CPU
		{D08F1F3E-FB41-4639-A9AD-69A0716EAFCF}.Debug|x64.Build.0 = Debug|Any CPU
		{D08F1F3E-FB41-4639-A9AD-69A0716EAFCF}.Debug|x86.ActiveCfg = Debug|Any CPU
		{D08F1F3E-FB41-4639-A9AD-69A0716EAFCF}.Debug|x86.Build.0 = Debug|Any CPU
		{D08F1F3E-FB41-4639-A9AD-69A0716EAFCF}.Release|Any CPU.ActiveCfg = Release|Any CPU
		{D08F1F3E-FB41-4639-A9AD-69A0716EAFCF}.Release|Any CPU.Build.0 = Release|Any CPU
		{D08F1F3E-FB41-4639-A9AD-69A0716EAFCF}.Release|x64.ActiveCfg = Release|Any CPU
		{D08F1F3E-FB41-4639-A9AD-69A0716EAFCF}.Release|x64.Build.0 = Release|Any CPU
		{D08F1F3E-FB41-4639-A9AD-69A0716EAFCF}.Release|x86.ActiveCfg = Release|Any CPU
		{D08F1F3E-FB41-4639-A9AD-69A0716EAFCF}.Release|x86.Build.0 = Release|Any CPU
	EndGlobalSection
	GlobalSection(SolutionProperties) = preSolution
		HideSolutionNode = FALSE
	EndGlobalSection
	GlobalSection(ExtensibilityGlobals) = postSolution
		SolutionGuid = {3F543D57-184A-4A12-BA49-D25B411A1D05}
	EndGlobalSection
EndGlobal
